Microsoft Visual Studio Solution File, Format Version 12.00
# Visual Studio Version 17
VisualStudioVersion = 17.0.31903.59
MinimumVisualStudioVersion = 10.0.40219.1
Project("{FAE04EC0-301F-11D3-BF4B-00C04F79EFBC}") = "MinimalBastion", "src\MinimalBastion\MinimalBastion.csproj", "{D2A9E6D2-4BD4-4C22-97E0-9D0A8C0E3A01}"
EndProject
Project("{FAE04EC0-301F-11D3-BF4B-00C04F79EFBC}") = "MinimalBastion.Tests", "tests\MinimalBastion.Tests\MinimalBastion.Tests.csproj", "{A5D3A80E-7B0C-4A3E-91A8-E0AA62F4B6B4}"
EndProject
Global
	GlobalSection(SolutionConfigurationPlatforms) = preSolution
		Debug|Any CPU = Debug|Any CPU
		Release|Any CPU = Release|Any CPU
	EndGlobalSection
	GlobalSection(ProjectConfigurationPlatforms) = postSolution
		{D2A9E6D2-4BD4-4C22-97E0-9D0A8C0E3A01}.Debug|Any CPU.ActiveCfg = Debug|Any CPU
		{D2A9E6D2-4BD4-4C22-97E0-9D0A8C0E3A01}.Debug|Any CPU.Build.0 = Debug|Any CPU
		{D2A9E6D2-4BD4-4C22-97E0-9D0A8C0E3A01}.Release|Any CPU.ActiveCfg = Release|Any CPU
		{D2A9E6D2-4BD4-4C22-97E0-9D0A8C0E3A01}.Release|Any CPU.Build.0 = Release|Any CPU
		{A5D3A80E-7B0C-4A3E-91A8-E0AA62F4B6B4}.Debug|Any CPU.ActiveCfg = Debug|Any CPU
		{A5D3A80E-7B0C-4A3E-91A8-E0AA62F4B6B4}.Debug|Any CPU.Build.0 = Debug|Any CPU
		{A5D3A80E-7B0C-4A3E-91A8-E0AA62F4B6B4}.Release|Any CPU.ActiveCfg = Release|Any CPU
		{A5D3A80E-7B0C-4A3E-91A8-E0AA62F4B6B4}.Release|Any CPU.Build.0 = Release|Any CPU
	EndGlobalSection
EndGlobal
